
Microsoft Visual Studio Solution File, Format Version 12.00
# Visual Studio Version 17
VisualStudioVersion = 17.9.34701.34
MinimumVisualStudioVersion = 10.0.40219.1
Project("{FAE04EC0-301F-11D3-BF4B-00C04F79EFBC}") = "WebApplication18", "WebApplication18\WebApplication18.csproj", "{8B9178C6-450E-4810-894F-84BE52D16A5D}"
EndProject
Global
	GlobalSection(SolutionConfigurationPlatforms) = preSolution
		Debug|Any CPU = Debug|Any CPU
		Release|Any CPU = Release|Any CPU
	EndGlobalSection
	GlobalSection(ProjectConfigurationPlatforms) = postSolution
		{8B9178C6-450E-4810-894F-84BE52D16A5D}.Debug|Any CPU.ActiveCfg = Debug|Any CPU
		{8B9178C6-450E-4810-894F-84BE52D16A5D}.Debug|Any CPU.Build.0 = Debug|Any CPU
		{8B9178C6-450E-4810-894F-84BE52D16A5D}.Release|Any CPU.ActiveCfg = Release|Any CPU
		{8B9178C6-450E-4810-894F-84BE52D16A5D}.Release|Any CPU.Build.0 = Release|Any CPU
	EndGlobalSection
	GlobalSection(SolutionProperties) = preSolution
		HideSolutionNode = FALSE
	EndGlobalSection
	GlobalSection(ExtensibilityGlobals) = postSolution
		SolutionGuid = {DDDA3487-1637-4BC6-AF13-D8CBDA2D97DB}
	EndGlobalSection
EndGlobal
